# This file is automatically @generated by pesde.
# It is not intended for manual editing.
format = 2
name = "miagobble/rojo_project_example"
version = "0.1.0"
target = "roblox"

[graph."0x5eal/unzip@0.2.1 luau".pkg_ref]
ref_ty = "pesde"
index_url = "https://github.com/pesde-pkg/index"

[graph."0x5eal/unzip@0.2.1 luau".pkg_ref.dependencies]
asciitable = [{ name = "kimpure/asciitable", version = "^0.3.8", index = "https://github.com/pesde-pkg/index" }, "dev"]
dirs = [{ name = "jiwonz/dirs", version = "^0.6.0", index = "https://github.com/pesde-pkg/index", target = "lune" }, "dev"]
frktest = [{ name = "itsfrank/frktest", version = "^0.0.4", index = "https://github.com/pesde-pkg/index" }, "dev"]
luau-lsp = [{ name = "pesde/luau_lsp", version = "=1.66.1", index = "https://github.com/pesde-pkg/index", target = "lune" }, "dev"]
stylua = [{ name = "pesde/stylua", version = "=2.4.1", index = "https://github.com/pesde-pkg/index", target = "lune" }, "dev"]

[graph."jiwonz/dirs@0.6.0 lune".dependencies]
greentea = ["jiwonz/greentea_luau@0.2.0 luau", "standard"]
pathfs = ["jiwonz/pathfs@0.6.0 lune", "standard"]

[graph."jiwonz/dirs@0.6.0 lune".pkg_ref]
ref_ty = "pesde"
index_url = "https://github.com/pesde-pkg/index"

[graph."jiwonz/dirs@0.6.0 lune".pkg_ref.dependencies]
greentea = [{ name = "jiwonz/greentea_luau", version = "^0.2.0", index = "https://github.com/pesde-pkg/index", target = "luau" }, "standard"]
pathfs = [{ name = "jiwonz/pathfs", version = "^0.6.0", index = "https://github.com/pesde-pkg/index" }, "standard"]

[graph."jiwonz/greentea_luau@0.2.0 luau".pkg_ref]
ref_ty = "pesde"
index_url = "https://github.com/pesde-pkg/index"

[graph."jiwonz/luau_disk@0.2.0 luau".pkg_ref]
ref_ty = "pesde"
index_url = "https://github.com/pesde-pkg/index"

[graph."jiwonz/luau_path@0.2.0 luau".dependencies]
luau_disk = ["jiwonz/luau_disk@0.2.0 luau", "standard"]

[graph."jiwonz/luau_path@0.2.0 luau".pkg_ref]
ref_ty = "pesde"
index_url = "https://github.com/pesde-pkg/index"

[graph."jiwonz/luau_path@0.2.0 luau".pkg_ref.dependencies]
luau_disk = [{ name = "jiwonz/luau_disk", version = "^0.2.0", index = "https://github.com/pesde-pkg/index" }, "standard"]

[graph."jiwonz/pathfs@0.6.0 lune".dependencies]
greentea = ["jiwonz/greentea_luau@0.2.0 luau", "standard"]
luau_path = ["jiwonz/luau_path@0.2.0 luau", "standard"]

[graph."jiwonz/pathfs@0.6.0 lune".pkg_ref]
ref_ty = "pesde"
index_url = "https://github.com/pesde-pkg/index"

[graph."jiwonz/pathfs@0.6.0 lune".pkg_ref.dependencies]
frktest = [{ name = "itsfrank/frktest", version = "^0.0.4", index = "https://github.com/pesde-pkg/index", target = "luau" }, "dev"]
greentea = [{ name = "jiwonz/greentea_luau", version = "^0.2.0", index = "https://github.com/pesde-pkg/index", target = "luau" }, "standard"]
luau_path = [{ name = "jiwonz/luau_path", version = "^0.2.0", index = "https://github.com/pesde-pkg/index", target = "luau" }, "standard"]

[graph."lukadev_0/option@1.2.1 lune".pkg_ref]
ref_ty = "pesde"
index_url = "https://github.com/pesde-pkg/index"

[graph."lukadev_0/result@1.2.1 lune".pkg_ref]
ref_ty = "pesde"
index_url = "https://github.com/pesde-pkg/index"

[graph."pesde/rojo@7.7.0 lune"]
direct = ["rojo", { name = "pesde/rojo", version = "^7.7.0", index = "default", target = "lune" }, "dev"]

[graph."pesde/rojo@7.7.0 lune".dependencies]
option = ["lukadev_0/option@1.2.1 lune", "standard"]
result = ["lukadev_0/result@1.2.1 lune", "standard"]
toolchainlib = ["pesde/toolchainlib@0.2.2 lune", "standard"]

[graph."pesde/rojo@7.7.0 lune".pkg_ref]
ref_ty = "pesde"
index_url = "https://github.com/pesde-pkg/index"

[graph."pesde/rojo@7.7.0 lune".pkg_ref.dependencies]
option = [{ name = "lukadev_0/option", version = "^1.2.1", index = "https://github.com/pesde-pkg/index" }, "standard"]
result = [{ name = "lukadev_0/result", version = "^1.2.1", index = "https://github.com/pesde-pkg/index" }, "standard"]
toolchainlib = [{ name = "pesde/toolchainlib", version = "^0.2.2", index = "https://github.com/pesde-pkg/index", target = "lune" }, "standard"]

[graph."pesde/scripts_core@0.2.0 lune".pkg_ref]
ref_ty = "pesde"
index_url = "https://github.com/pesde-pkg/index"

[graph."pesde/scripts_core@0.2.0 lune".pkg_ref.dependencies]
argon = [{ name = "pesde/argon", version = "^2.0.26", index = "https://github.com/pesde-pkg/index" }, "dev"]
frktest = [{ name = "itsfrank/frktest", version = "^0.0.4", index = "https://github.com/pesde-pkg/index", target = "luau" }, "dev"]
luau-lsp = [{ name = "pesde/luau_lsp", version = "^1.53.5", index = "https://github.com/pesde-pkg/index" }, "dev"]
pathfs = [{ name = "jiwonz/pathfs", version = "^0.6.0", index = "https://github.com/pesde-pkg/index" }, "dev"]
rojo = [{ name = "pesde/rojo", version = "^7.5.1", index = "https://github.com/pesde-pkg/index" }, "dev"]
stylua = [{ name = "pesde/stylua", version = "^2.2.0", index = "https://github.com/pesde-pkg/index" }, "dev"]

[graph."pesde/scripts_rojo@0.2.0 lune"]
direct = ["scripts", { name = "pesde/scripts_rojo", version = "^0.2.0", index = "default", target = "lune" }, "dev"]

[graph."pesde/scripts_rojo@0.2.0 lune".dependencies]
rojo = ["pesde/rojo@7.7.0 lune", "peer"]
scripts_core = ["pesde/scripts_core@0.2.0 lune", "standard"]

[graph."pesde/scripts_rojo@0.2.0 lune".pkg_ref]
ref_ty = "pesde"
index_url = "https://github.com/pesde-pkg/index"

[graph."pesde/scripts_rojo@0.2.0 lune".pkg_ref.dependencies]
rojo = [{ name = "pesde/rojo", version = "^7.5.1", index = "https://github.com/pesde-pkg/index" }, "peer"]
scripts_core = [{ name = "pesde/scripts_core", version = "^0.2.0", index = "https://github.com/pesde-pkg/index", target = "lune" }, "standard"]

[graph."pesde/toolchainlib@0.2.2 lune".dependencies]
dirs = ["jiwonz/dirs@0.6.0 lune", "standard"]
option = ["lukadev_0/option@1.2.1 lune", "peer"]
pathfs = ["jiwonz/pathfs@0.6.0 lune", "standard"]
result = ["lukadev_0/result@1.2.1 lune", "peer"]
unzip = ["0x5eal/unzip@0.2.1 luau", "standard"]

[graph."pesde/toolchainlib@0.2.2 lune".pkg_ref]
ref_ty = "pesde"
index_url = "https://github.com/pesde-pkg/index"

[graph."pesde/toolchainlib@0.2.2 lune".pkg_ref.dependencies]
dirs = [{ name = "jiwonz/dirs", version = "^0.6.0", index = "https://github.com/pesde-pkg/index" }, "standard"]
option = [{ name = "lukadev_0/option", version = "^1.2.1", index = "https://github.com/pesde-pkg/index" }, "peer"]
pathfs = [{ name = "jiwonz/pathfs", version = "^0.6.0", index = "https://github.com/pesde-pkg/index" }, "standard"]
result = [{ name = "lukadev_0/result", version = "^1.2.1", index = "https://github.com/pesde-pkg/index" }, "peer"]
unzip = [{ name = "0x5eal/unzip", version = "^0.2.0", index = "https://github.com/pesde-pkg/index", target = "luau" }, "standard"]

[graph."wally#miagobble/bucket@1.0.4 roblox"]
direct = ["Bucket", { wally = "wally#miagobble/bucket", version = "=1.0.4", index = "default" }, "standard"]

[graph."wally#miagobble/bucket@1.0.4 roblox".dependencies]
Typer = ["wally#miagobble/typer@0.1.1 roblox", "standard"]

[graph."wally#miagobble/bucket@1.0.4 roblox".pkg_ref]
ref_ty = "wally"
index_url = "https://github.com/UpliftGames/wally-index"

[graph."wally#miagobble/bucket@1.0.4 roblox".pkg_ref.dependencies]
Typer = [{ wally = "wally#miagobble/typer", version = ">=0.1.1, <0.2.0", index = "https://github.com/UpliftGames/wally-index" }, "standard"]

[graph."wally#miagobble/expressive-prompts@1.1.4 roblox"]
direct = ["ExpressivePrompts", { wally = "wally#miagobble/expressive-prompts", version = "=1.1.4", index = "default" }, "standard"]

[graph."wally#miagobble/expressive-prompts@1.1.4 roblox".dependencies]
Seam = ["wally#miagobble/seam@0.5.6 roblox", "standard"]

[graph."wally#miagobble/expressive-prompts@1.1.4 roblox".pkg_ref]
ref_ty = "wally"
index_url = "https://github.com/UpliftGames/wally-index"

[graph."wally#miagobble/expressive-prompts@1.1.4 roblox".pkg_ref.dependencies]
Seam = [{ wally = "wally#miagobble/seam", version = ">=0.5.6, <0.6.0", index = "https://github.com/UpliftGames/wally-index" }, "standard"]

[graph."wally#miagobble/initializer@1.0.0 roblox"]
direct = ["Initializer", { wally = "wally#miagobble/initializer", version = "=1.0.0", index = "default" }, "standard"]

[graph."wally#miagobble/initializer@1.0.0 roblox".pkg_ref]
ref_ty = "wally"
index_url = "https://github.com/UpliftGames/wally-index"

[graph."wally#miagobble/progression-utils@1.0.2 roblox"]
direct = ["ProgressionUtils", { wally = "wally#miagobble/progression-utils", version = "=1.0.2", index = "default" }, "standard"]

[graph."wally#miagobble/progression-utils@1.0.2 roblox".dependencies]
Bucket = ["wally#miagobble/bucket@1.0.4 roblox", "standard"]
Signal = ["wally#miagobble/signal@1.0.1 roblox", "standard"]
Symbol = ["wally#miagobble/symbol@1.0.2 roblox", "standard"]
Typer = ["wally#miagobble/typer@0.1.1 roblox", "standard"]

[graph."wally#miagobble/progression-utils@1.0.2 roblox".pkg_ref]
ref_ty = "wally"
index_url = "https://github.com/UpliftGames/wally-index"

[graph."wally#miagobble/progression-utils@1.0.2 roblox".pkg_ref.dependencies]
Bucket = [{ wally = "wally#miagobble/bucket", version = ">=1.0.1, <2.0.0", index = "https://github.com/UpliftGames/wally-index" }, "standard"]
Signal = [{ wally = "wally#miagobble/signal", version = ">=1.0.1, <2.0.0", index = "https://github.com/UpliftGames/wally-index" }, "standard"]
Symbol = [{ wally = "wally#miagobble/symbol", version = ">=1.0.1, <2.0.0", index = "https://github.com/UpliftGames/wally-index" }, "standard"]
Typer = [{ wally = "wally#miagobble/typer", version = ">=0.1.1, <0.2.0", index = "https://github.com/UpliftGames/wally-index" }, "standard"]

[graph."wally#miagobble/seam@0.5.6 roblox"]
direct = ["Seam", { wally = "wally#miagobble/seam", version = "=0.5.6", index = "default" }, "standard"]

[graph."wally#miagobble/seam@0.5.6 roblox".pkg_ref]
ref_ty = "wally"
index_url = "https://github.com/UpliftGames/wally-index"

[graph."wally#miagobble/seam-story-utils@0.1.3 roblox"]
direct = ["SeamStoryUtils", { wally = "wally#miagobble/seam-story-utils", version = "=0.1.3", index = "default" }, "standard"]

[graph."wally#miagobble/seam-story-utils@0.1.3 roblox".pkg_ref]
ref_ty = "wally"
index_url = "https://github.com/UpliftGames/wally-index"

[graph."wally#miagobble/signal@1.0.1 roblox"]
direct = ["Signal", { wally = "wally#miagobble/signal", version = "=1.0.1", index = "default" }, "standard"]

[graph."wally#miagobble/signal@1.0.1 roblox".pkg_ref]
ref_ty = "wally"
index_url = "https://github.com/UpliftGames/wally-index"

[graph."wally#miagobble/symbol@1.0.2 roblox"]
direct = ["Symbol", { wally = "wally#miagobble/symbol", version = "=1.0.2", index = "default" }, "standard"]

[graph."wally#miagobble/symbol@1.0.2 roblox".pkg_ref]
ref_ty = "wally"
index_url = "https://github.com/UpliftGames/wally-index"

[graph."wally#miagobble/traceback-utils@1.0.1 roblox"]
direct = ["TracebackUtils", { wally = "wally#miagobble/traceback-utils", version = "=1.0.1", index = "default" }, "standard"]

[graph."wally#miagobble/traceback-utils@1.0.1 roblox".pkg_ref]
ref_ty = "wally"
index_url = "https://github.com/UpliftGames/wally-index"

[graph."wally#miagobble/typer@0.1.1 roblox"]
direct = ["Typer", { wally = "wally#miagobble/typer", version = "=0.1.1", index = "default" }, "standard"]

[graph."wally#miagobble/typer@0.1.1 roblox".pkg_ref]
ref_ty = "wally"
index_url = "https://github.com/UpliftGames/wally-index"
